
Microsoft Visual Studio Solution File, Format Version 12.00
# Visual Studio Version 17
VisualStudioVersion = 17.1.32414.318
MinimumVisualStudioVersion = 10.0.40219.1
Project("{9A19103F-16F7-4668-BE54-9A1E7A4F7556}") = "Personal.Domain", "PersonalDomain\Personal.Domain.csproj", "{67B9DF71-D5DB-496C-BD14-0F853A351A37}"
EndProject
Project("{9A19103F-16F7-4668-BE54-9A1E7A4F7556}") = "Personal.ConsoleUI", "PersonalConsoleUI\Personal.ConsoleUI.csproj", "{DF05AF88-D101-4B94-8BE8-F96483EF0ABD}"
EndProject
Project("{9A19103F-16F7-4668-BE54-9A1E7A4F7556}") = "ShareKernel", "ShareKernel\ShareKernel.csproj", "{BB330C43-499C-49E9-BAAF-CAF276C8A55B}"
EndProject
Project("{9A19103F-16F7-4668-BE54-9A1E7A4F7556}") = "Personal.WebApi", "Personal.WebApi\Personal.WebApi.csproj", "{7DF45159-A9CD-45DD-B25D-B4629C57F1C7}"
EndProject
Project("{9A19103F-16F7-4668-BE54-9A1E7A4F7556}") = "Personal.Application", "Personal.Application\Personal.Application.csproj", "{F86E2B68-90E4-412D-A426-EBBFFBB8863C}"
EndProject
Project("{9A19103F-16F7-4668-BE54-9A1E7A4F7556}") = "Personal.Application.NUitTest", "Personal.Application.NUitTest\Personal.Application.NUitTest.csproj", "{17591EB0-C134-4F22-8ABF-C4B929BDC4C1}"
EndProject
Project("{9A19103F-16F7-4668-BE54-9A1E7A4F7556}") = "Personal.Test", "Personal.Test\Personal.Test.csproj", "{959B1BA7-3FAD-4611-866E-23D3504816AD}"
EndProject
Global
	GlobalSection(SolutionConfigurationPlatforms) = preSolution
		Debug|Any CPU = Debug|Any CPU
		Release|Any CPU = Release|Any CPU
	EndGlobalSection
	GlobalSection(ProjectConfigurationPlatforms) = postSolution
		{67B9DF71-D5DB-496C-BD14-0F853A351A37}.Debug|Any CPU.ActiveCfg = Debug|Any CPU
		{67B9DF71-D5DB-496C-BD14-0F853A351A37}.Debug|Any CPU.Build.0 = Debug|Any CPU
		{67B9DF71-D5DB-496C-BD14-0F853A351A37}.Release|Any CPU.ActiveCfg = Release|Any CPU
		{67B9DF71-D5DB-496C-BD14-0F853A351A37}.Release|Any CPU.Build.0 = Release|Any CPU
		{DF05AF88-D101-4B94-8BE8-F96483EF0ABD}.Debug|Any CPU.ActiveCfg = Debug|Any CPU
		{DF05AF88-D101-4B94-8BE8-F96483EF0ABD}.Debug|Any CPU.Build.0 = Debug|Any CPU
		{DF05AF88-D101-4B94-8BE8-F96483EF0ABD}.Release|Any CPU.ActiveCfg = Release|Any CPU
		{DF05AF88-D101-4B94-8BE8-F96483EF0ABD}.Release|Any CPU.Build.0 = Release|Any CPU
		{BB330C43-499C-49E9-BAAF-CAF276C8A55B}.Debug|Any CPU.ActiveCfg = Debug|Any CPU
		{BB330C43-499C-49E9-BAAF-CAF276C8A55B}.Debug|Any CPU.Build.0 = Debug|Any CPU
		{BB330C43-499C-49E9-BAAF-CAF276C8A55B}.Release|Any CPU.ActiveCfg = Release|Any CPU
		{BB330C43-499C-49E9-BAAF-CAF276C8A55B}.Release|Any CPU.Build.0 = Release|Any CPU
		{7DF45159-A9CD-45DD-B25D-B4629C57F1C7}.Debug|Any CPU.ActiveCfg = Debug|Any CPU
		{7DF45159-A9CD-45DD-B25D-B4629C57F1C7}.Debug|Any CPU.Build.0 = Debug|Any CPU
		{7DF45159-A9CD-45DD-B25D-B4629C57F1C7}.Release|Any CPU.ActiveCfg = Release|Any CPU
		{7DF45159-A9CD-45DD-B25D-B4629C57F1C7}.Release|Any CPU.Build.0 = Release|Any CPU
		{F86E2B68-90E4-412D-A426-EBBFFBB8863C}.Debug|Any CPU.ActiveCfg = Debug|Any CPU
		{F86E2B68-90E4-412D-A426-EBBFFBB8863C}.Debug|Any CPU.Build.0 = Debug|Any CPU
		{F86E2B68-90E4-412D-A426-EBBFFBB8863C}.Release|Any CPU.ActiveCfg = Release|Any CPU
		{F86E2B68-90E4-412D-A426-EBBFFBB8863C}.Release|Any CPU.Build.0 = Release|Any CPU
		{17591EB0-C134-4F22-8ABF-C4B929BDC4C1}.Debug|Any CPU.ActiveCfg = Debug|Any CPU
		{17591EB0-C134-4F22-8ABF-C4B929BDC4C1}.Debug|Any CPU.Build.0 = Debug|Any CPU
		{17591EB0-C134-4F22-8ABF-C4B929BDC4C1}.Release|Any CPU.ActiveCfg = Release|Any CPU
		{17591EB0-C134-4F22-8ABF-C4B929BDC4C1}.Release|Any CPU.Build.0 = Release|Any CPU
		{959B1BA7-3FAD-4611-866E-23D3504816AD}.Debug|Any CPU.ActiveCfg = Debug|Any CPU
		{959B1BA7-3FAD-4611-866E-23D3504816AD}.Debug|Any CPU.Build.0 = Debug|Any CPU
		{959B1BA7-3FAD-4611-866E-23D3504816AD}.Release|Any CPU.ActiveCfg = Release|Any CPU
		{959B1BA7-3FAD-4611-866E-23D3504816AD}.Release|Any CPU.Build.0 = Release|Any CPU
	EndGlobalSection
	GlobalSection(SolutionProperties) = preSolution
		HideSolutionNode = FALSE
	EndGlobalSection
	GlobalSection(ExtensibilityGlobals) = postSolution
		SolutionGuid = {528E749B-7AB4-4A86-BEDD-3041EF7D4A90}
	EndGlobalSection
EndGlobal
